Microsoft Visual Studio Solution File, Format Version 12.00
# Visual Studio Version 17
VisualStudioVersion = 17.5.2.0
MinimumVisualStudioVersion = 10.0.40219.1
Project("{2150E333-8FDC-42A3-9474-1A3956D46DE8}") = "ProjectS", "ProjectS", "{17245595-230B-9055-A944-863F0DDDA8E8}"
EndProject
Project("{FAE04EC0-301F-11D3-BF4B-00C04F79EFBC}") = "Assembly-CSharp-Editor", "ProjectS\Assembly-CSharp-Editor.csproj", "{E47B24BF-F33B-F2E2-149F-867537042077}"
EndProject
Project("{FAE04EC0-301F-11D3-BF4B-00C04F79EFBC}") = "Assembly-CSharp", "ProjectS\Assembly-CSharp.csproj", "{10886020-3966-F7CD-2605-FD72BD5ABEA4}"
EndProject
Project("{FAE04EC0-301F-11D3-BF4B-00C04F79EFBC}") = "Cinemachine", "ProjectS\Cinemachine.csproj", "{3721D9A9-85DF-65F3-87F4-E187130DA27B}"
EndProject
Project("{FAE04EC0-301F-11D3-BF4B-00C04F79EFBC}") = "com.unity.cinemachine.editor", "ProjectS\com.unity.cinemachine.editor.csproj", "{57B231E7-E308-B1F8-BCB7-83D25BAE6858}"
EndProject
Project("{FAE04EC0-301F-11D3-BF4B-00C04F79EFBC}") = "ParrelSync", "ProjectS\ParrelSync.csproj", "{ACB685A5-C9A1-AF2D-0BC4-AB1DEBD33B35}"
EndProject
Project("{FAE04EC0-301F-11D3-BF4B-00C04F79EFBC}") = "PhotonChat", "ProjectS\PhotonChat.csproj", "{E11B46B1-E44C-C315-6386-44DB05A790B3}"
EndProject
Project("{FAE04EC0-301F-11D3-BF4B-00C04F79EFBC}") = "PhotonRealtime", "ProjectS\PhotonRealtime.csproj", "{0C8E7BBE-6154-2885-6C66-7FCCF59439A0}"
EndProject
Project("{FAE04EC0-301F-11D3-BF4B-00C04F79EFBC}") = "PhotonUnityNetworking", "ProjectS\PhotonUnityNetworking.csproj", "{D784551D-B1F1-894A-F32E-92C54426E831}"
EndProject
Project("{FAE04EC0-301F-11D3-BF4B-00C04F79EFBC}") = "PhotonUnityNetworking.Demos", "ProjectS\PhotonUnityNetworking.Demos.csproj", "{62008C98-D28D-9D11-94CA-38486BE17271}"
EndProject
Project("{FAE04EC0-301F-11D3-BF4B-00C04F79EFBC}") = "PhotonUnityNetworking.Editor", "ProjectS\PhotonUnityNetworking.Editor.csproj", "{344A0206-4AF0-1FA8-6BB9-8917DFEFA3D5}"
EndProject
Project("{FAE04EC0-301F-11D3-BF4B-00C04F79EFBC}") = "PhotonUnityNetworking.Utilities", "ProjectS\PhotonUnityNetworking.Utilities.csproj", "{4D57A020-1A6C-D7D3-C85B-5FF83B6E2954}"
EndProject
Project("{FAE04EC0-301F-11D3-BF4B-00C04F79EFBC}") = "PhotonUnityNetworking.Utilities.Culling.Editor", "ProjectS\PhotonUnityNetworking.Utilities.Culling.Editor.csproj", "{92ED2B02-8E1C-96BD-2365-1C3C657D83F4}"
EndProject
Project("{FAE04EC0-301F-11D3-BF4B-00C04F79EFBC}") = "PhotonUnityNetworking.Utilities.PhotonPlayer.Editor", "ProjectS\PhotonUnityNetworking.Utilities.PhotonPlayer.Editor.csproj", "{0FC9E75F-DA81-D496-BE8E-2F69CB893DFF}"
EndProject
Project("{FAE04EC0-301F-11D3-BF4B-00C04F79EFBC}") = "ProjectS.AI", "ProjectS\ProjectS.AI.csproj", "{DDB39D36-8353-CCC8-F09F-7437730BA63D}"
EndProject
Project("{FAE04EC0-301F-11D3-BF4B-00C04F79EFBC}") = "ProjectS.Classes", "ProjectS\ProjectS.Classes.csproj", "{B874BDC8-F1D4-18B6-6C19-BADB4E970020}"
EndProject
Project("{FAE04EC0-301F-11D3-BF4B-00C04F79EFBC}") = "ProjectS.Core", "ProjectS\ProjectS.Core.csproj", "{17F8C296-27C7-ADD6-E9F4-A2F5D7023679}"
EndProject
Project("{FAE04EC0-301F-11D3-BF4B-00C04F79EFBC}") = "ProjectS.Data", "ProjectS\ProjectS.Data.csproj", "{7C6CCCB3-712C-1C24-2DAB-EB19ED53E9E4}"
EndProject
Project("{FAE04EC0-301F-11D3-BF4B-00C04F79EFBC}") = "ProjectS.Editor", "ProjectS\ProjectS.Editor.csproj", "{D48C7E7A-3C60-E35B-5763-31EC5D9B21C0}"
EndProject
Project("{FAE04EC0-301F-11D3-BF4B-00C04F79EFBC}") = "ProjectS.Gameplay", "ProjectS\ProjectS.Gameplay.csproj", "{340662EA-BC98-5409-4667-70F06FCA58AA}"
EndProject
Project("{FAE04EC0-301F-11D3-BF4B-00C04F79EFBC}") = "ProjectS.Networking", "ProjectS\ProjectS.Networking.csproj", "{E9501B1D-A3CA-98FE-C4E6-70CA4D4E974E}"
EndProject
Project("{FAE04EC0-301F-11D3-BF4B-00C04F79EFBC}") = "ProjectS.Progression", "ProjectS\ProjectS.Progression.csproj", "{8CE52016-E624-25E1-6405-44C14D5276E4}"
EndProject
Project("{FAE04EC0-301F-11D3-BF4B-00C04F79EFBC}") = "ProjectS.Systems", "ProjectS\ProjectS.Systems.csproj", "{D96F4F50-9A88-8B1A-BB6B-F6962F8B6B4C}"
EndProject
Project("{FAE04EC0-301F-11D3-BF4B-00C04F79EFBC}") = "PunDemos.DemoHubEditor", "ProjectS\PunDemos.DemoHubEditor.csproj", "{B352802D-CC8F-F82B-5D2D-BDBE8FF02DDC}"
EndProject
Project("{FAE04EC0-301F-11D3-BF4B-00C04F79EFBC}") = "PunDemos.DemoSlotcarEditor", "ProjectS\PunDemos.DemoSlotcarEditor.csproj", "{7709FE16-7976-2DF4-FC28-291AF2BD0138}"
EndProject
Project("{FAE04EC0-301F-11D3-BF4B-00C04F79EFBC}") = "Unity.AI.Navigation", "ProjectS\Unity.AI.Navigation.csproj", "{D81536F6-B632-A1DB-BD3A-0F548CE4513E}"
EndProject
Project("{FAE04EC0-301F-11D3-BF4B-00C04F79EFBC}") = "Unity.AI.Navigation.Editor.ConversionSystem", "ProjectS\Unity.AI.Navigation.Editor.ConversionSystem.csproj", "{2B9614B9-8607-9999-F07D-94B34FE0C9F7}"
EndProject
Project("{FAE04EC0-301F-11D3-BF4B-00C04F79EFBC}") = "Unity.AI.Navigation.Editor", "ProjectS\Unity.AI.Navigation.Editor.csproj", "{2806C820-925D-1E34-D040-1C21AD06EE12}"
EndProject
Project("{FAE04EC0-301F-11D3-BF4B-00C04F79EFBC}") = "Unity.AI.Navigation.Updater", "ProjectS\Unity.AI.Navigation.Updater.csproj", "{C2DC4ABE-EFA4-9558-577A-71E92DD2D12A}"
EndProject
Project("{FAE04EC0-301F-11D3-BF4B-00C04F79EFBC}") = "Unity.Burst.CodeGen", "ProjectS\Unity.Burst.CodeGen.csproj", "{D76FEC5D-50CA-7831-90A3-A33CAC44B276}"
EndProject
Project("{FAE04EC0-301F-11D3-BF4B-00C04F79EFBC}") = "Unity.Burst", "ProjectS\Unity.Burst.csproj", "{F486B407-E763-C9D2-826B-689C656D3D03}"
EndProject
Project("{FAE04EC0-301F-11D3-BF4B-00C04F79EFBC}") = "Unity.Burst.Editor", "ProjectS\Unity.Burst.Editor.csproj", "{C1CC148C-7E9D-2609-ABC7-9BAF53C98C7A}"
EndProject
Project("{FAE04EC0-301F-11D3-BF4B-00C04F79EFBC}") = "Unity.CollabProxy.Editor", "ProjectS\Unity.CollabProxy.Editor.csproj", "{9F288AB6-627E-2384-A239-A4CF4B5C5B8A}"
EndProject
Project("{FAE04EC0-301F-11D3-BF4B-00C04F79EFBC}") = "Unity.Collections.CodeGen", "ProjectS\Unity.Collections.CodeGen.csproj", "{5B9D68C4-99E1-541E-C17D-4FEA4AB3E5F4}"
EndProject
Project("{FAE04EC0-301F-11D3-BF4B-00C04F79EFBC}") = "Unity.Collections", "ProjectS\Unity.Collections.csproj", "{D427F1C3-2593-2F08-5AB6-58B8D9519757}"
EndProject
Project("{FAE04EC0-301F-11D3-BF4B-00C04F79EFBC}") = "Unity.Collections.Editor", "ProjectS\Unity.Collections.Editor.csproj", "{D8CA400B-6B7C-DB5B-417D-BD1B05887C1F}"
EndProject
Project("{FAE04EC0-301F-11D3-BF4B-00C04F79EFBC}") = "Unity.InputSystem", "ProjectS\Unity.InputSystem.csproj", "{1746B81B-B448-EFAA-4A16-AB127E1D9BF0}"
EndProject
Project("{FAE04EC0-301F-11D3-BF4B-00C04F79EFBC}") = "Unity.InputSystem.DocCodeSamples", "ProjectS\Unity.InputSystem.DocCodeSamples.csproj", "{C89EE05A-9C6B-2F88-B23B-9E1F00AC711B}"
EndProject
Project("{FAE04EC0-301F-11D3-BF4B-00C04F79EFBC}") = "Unity.InputSystem.ForUI", "ProjectS\Unity.InputSystem.ForUI.csproj", "{DC2022F3-FA46-F595-B329-3A20E735C17C}"
EndProject
Project("{FAE04EC0-301F-11D3-BF4B-00C04F79EFBC}") = "Unity.InputSystem.TestFramework", "ProjectS\Unity.InputSystem.TestFramework.csproj", "{AC522B47-C9D0-3880-5609-E52E221385A1}"
EndProject
Project("{FAE04EC0-301F-11D3-BF4B-00C04F79EFBC}") = "Unity.Mathematics", "ProjectS\Unity.Mathematics.csproj", "{59A73485-9FEC-4DE9-EF6C-D3E2BB91FE66}"
EndProject
Project("{FAE04EC0-301F-11D3-BF4B-00C04F79EFBC}") = "Unity.Mathematics.Editor", "ProjectS\Unity.Mathematics.Editor.csproj", "{FE47EA15-8291-8D7C-C950-265929D170E5}"
EndProject
Project("{FAE04EC0-301F-11D3-BF4B-00C04F79EFBC}") = "Unity.PackageValidationSuite.Editor", "ProjectS\Unity.PackageValidationSuite.Editor.csproj", "{2740C5A6-0A77-6E3F-FFFC-B22C89DA0F6C}"
EndProject
Project("{FAE04EC0-301F-11D3-BF4B-00C04F79EFBC}") = "Unity.PackageValidationSuite.Editor.Extension", "ProjectS\Unity.PackageValidationSuite.Editor.Extension.csproj", "{EC4E4356-660E-394F-89D2-B7B3953CF51B}"
EndProject
Project("{FAE04EC0-301F-11D3-BF4B-00C04F79EFBC}") = "Unity.PerformanceTesting", "ProjectS\Unity.PerformanceTesting.csproj", "{4DA707A2-AE36-875E-1485-2C5EF89A9BCA}"
EndProject
Project("{FAE04EC0-301F-11D3-BF4B-00C04F79EFBC}") = "Unity.PerformanceTesting.Editor", "ProjectS\Unity.PerformanceTesting.Editor.csproj", "{9767BA54-DC3B-DEB4-8476-D5ADFE5D457A}"
EndProject
Project("{FAE04EC0-301F-11D3-BF4B-00C04F79EFBC}") = "Unity.PlasticSCM.Editor", "ProjectS\Unity.PlasticSCM.Editor.csproj", "{D0715A2B-FC32-2072-6C69-EDC3888B45D0}"
EndProject
Project("{FAE04EC0-301F-11D3-BF4B-00C04F79EFBC}") = "Unity.PlasticSCM.Editor.Entities", "ProjectS\Unity.PlasticSCM.Editor.Entities.csproj", "{69F7A308-B261-BDAD-42FE-53B7AA1FCA73}"
EndProject
Project("{FAE04EC0-301F-11D3-BF4B-00C04F79EFBC}") = "Unity.Rider.Editor", "ProjectS\Unity.Rider.Editor.csproj", "{5D451B57-8F7B-F770-D08B-E8336A3F660A}"
EndProject
Project("{FAE04EC0-301F-11D3-BF4B-00C04F79EFBC}") = "Unity.Searcher.Editor", "ProjectS\Unity.Searcher.Editor.csproj", "{6EFF46CE-DFDC-E1D3-C265-E9F27CFC9452}"
EndProject
Project("{FAE04EC0-301F-11D3-BF4B-00C04F79EFBC}") = "Unity.Timeline", "ProjectS\Unity.Timeline.csproj", "{057F72AA-896D-F929-03AB-1F7C05BC4884}"
EndProject
Project("{FAE04EC0-301F-11D3-BF4B-00C04F79EFBC}") = "Unity.Timeline.Editor", "ProjectS\Unity.Timeline.Editor.csproj", "{B410C3EE-58CF-06DA-1F86-B30AE41271A0}"
EndProject
Project("{FAE04EC0-301F-11D3-BF4B-00C04F79EFBC}") = "Unity.VisualScripting.Core", "ProjectS\Unity.VisualScripting.Core.csproj", "{93651607-C79F-8F30-837E-C6FB7DB808DB}"
EndProject
Project("{FAE04EC0-301F-11D3-BF4B-00C04F79EFBC}") = "Unity.VisualScripting.Core.Editor", "ProjectS\Unity.VisualScripting.Core.Editor.csproj", "{41F34338-5AA7-C507-5122-F730EBAC9113}"
EndProject
Project("{FAE04EC0-301F-11D3-BF4B-00C04F79EFBC}") = "Unity.VisualScripting.DocCodeExamples", "ProjectS\Unity.VisualScripting.DocCodeExamples.csproj", "{A06C57C5-1477-862D-C601-D563BDC89137}"
EndProject
Project("{FAE04EC0-301F-11D3-BF4B-00C04F79EFBC}") = "Unity.VisualScripting.Flow", "ProjectS\Unity.VisualScripting.Flow.csproj", "{2B2EA37A-2161-8510-3496-10340655D65F}"
EndProject
Project("{FAE04EC0-301F-11D3-BF4B-00C04F79EFBC}") = "Unity.VisualScripting.Flow.Editor", "ProjectS\Unity.VisualScripting.Flow.Editor.csproj", "{461B5936-C665-CAA1-8A9E-68B0BC8A9162}"
EndProject
Project("{FAE04EC0-301F-11D3-BF4B-00C04F79EFBC}") = "Unity.VisualScripting.SettingsProvider.Editor", "ProjectS\Unity.VisualScripting.SettingsProvider.Editor.csproj", "{6C6F4935-642B-E44E-73B5-C1158E98519F}"
EndProject
Project("{FAE04EC0-301F-11D3-BF4B-00C04F79EFBC}") = "Unity.VisualScripting.Shared.Editor", "ProjectS\Unity.VisualScripting.Shared.Editor.csproj", "{9A8128AA-4331-D5A5-C65D-6EB8521BC29B}"
EndProject
Project("{FAE04EC0-301F-11D3-BF4B-00C04F79EFBC}") = "Unity.VisualScripting.State", "ProjectS\Unity.VisualScripting.State.csproj", "{2B39062C-44A8-CF2F-1633-9FA386260DEA}"
EndProject
Project("{FAE04EC0-301F-11D3-BF4B-00C04F79EFBC}") = "Unity.VisualScripting.State.Editor", "ProjectS\Unity.VisualScripting.State.Editor.csproj", "{3D3E6739-B3C1-47B0-117F-BEDAD7963293}"
EndProject
Project("{FAE04EC0-301F-11D3-BF4B-00C04F79EFBC}") = "Unity.VisualStudio.Editor", "ProjectS\Unity.VisualStudio.Editor.csproj", "{7AE8D7BB-3F2C-794C-9AD4-C1978B6418C3}"
EndProject
Project("{FAE04EC0-301F-11D3-BF4B-00C04F79EFBC}") = "Wingman", "ProjectS\Wingman.csproj", "{F3EDA1BB-3AB4-7303-4DED-7E10E4F75FC6}"
EndProject
Global
	GlobalSection(SolutionConfigurationPlatforms) = preSolution
		Debug|Any CPU = Debug|Any CPU
		Release|Any CPU = Release|Any CPU
	EndGlobalSection
	GlobalSection(ProjectConfigurationPlatforms) = postSolution
		{E47B24BF-F33B-F2E2-149F-867537042077}.Debug|Any CPU.ActiveCfg = Debug|Any CPU
		{E47B24BF-F33B-F2E2-149F-867537042077}.Debug|Any CPU.Build.0 = Debug|Any CPU
		{E47B24BF-F33B-F2E2-149F-867537042077}.Release|Any CPU.ActiveCfg = Release|Any CPU
		{E47B24BF-F33B-F2E2-149F-867537042077}.Release|Any CPU.Build.0 = Release|Any CPU
		{10886020-3966-F7CD-2605-FD72BD5ABEA4}.Debug|Any CPU.ActiveCfg = Debug|Any CPU
		{10886020-3966-F7CD-2605-FD72BD5ABEA4}.Debug|Any CPU.Build.0 = Debug|Any CPU
		{10886020-3966-F7CD-2605-FD72BD5ABEA4}.Release|Any CPU.ActiveCfg = Release|Any CPU
		{10886020-3966-F7CD-2605-FD72BD5ABEA4}.Release|Any CPU.Build.0 = Release|Any CPU
		{3721D9A9-85DF-65F3-87F4-E187130DA27B}.Debug|Any CPU.ActiveCfg = Debug|Any CPU
		{3721D9A9-85DF-65F3-87F4-E187130DA27B}.Debug|Any CPU.Build.0 = Debug|Any CPU
		{3721D9A9-85DF-65F3-87F4-E187130DA27B}.Release|Any CPU.ActiveCfg = Release|Any CPU
		{3721D9A9-85DF-65F3-87F4-E187130DA27B}.Release|Any CPU.Build.0 = Release|Any CPU
		{57B231E7-E308-B1F8-BCB7-83D25BAE6858}.Debug|Any CPU.ActiveCfg = Debug|Any CPU
		{57B231E7-E308-B1F8-BCB7-83D25BAE6858}.Debug|Any CPU.Build.0 = Debug|Any CPU
		{57B231E7-E308-B1F8-BCB7-83D25BAE6858}.Release|Any CPU.ActiveCfg = Release|Any CPU
		{57B231E7-E308-B1F8-BCB7-83D25BAE6858}.Release|Any CPU.Build.0 = Release|Any CPU
		{ACB685A5-C9A1-AF2D-0BC4-AB1DEBD33B35}.Debug|Any CPU.ActiveCfg = Debug|Any CPU
		{ACB685A5-C9A1-AF2D-0BC4-AB1DEBD33B35}.Debug|Any CPU.Build.0 = Debug|Any CPU
		{ACB685A5-C9A1-AF2D-0BC4-AB1DEBD33B35}.Release|Any CPU.ActiveCfg = Release|Any CPU
		{ACB685A5-C9A1-AF2D-0BC4-AB1DEBD33B35}.Release|Any CPU.Build.0 = Release|Any CPU
		{E11B46B1-E44C-C315-6386-44DB05A790B3}.Debug|Any CPU.ActiveCfg = Debug|Any CPU
		{E11B46B1-E44C-C315-6386-44DB05A790B3}.Debug|Any CPU.Build.0 = Debug|Any CPU
		{E11B46B1-E44C-C315-6386-44DB05A790B3}.Release|Any CPU.ActiveCfg = Release|Any CPU
		{E11B46B1-E44C-C315-6386-44DB05A790B3}.Release|Any CPU.Build.0 = Release|Any CPU
		{0C8E7BBE-6154-2885-6C66-7FCCF59439A0}.Debug|Any CPU.ActiveCfg = Debug|Any CPU
		{0C8E7BBE-6154-2885-6C66-7FCCF59439A0}.Debug|Any CPU.Build.0 = Debug|Any CPU
		{0C8E7BBE-6154-2885-6C66-7FCCF59439A0}.Release|Any CPU.ActiveCfg = Release|Any CPU
		{0C8E7BBE-6154-2885-6C66-7FCCF59439A0}.Release|Any CPU.Build.0 = Release|Any CPU
		{D784551D-B1F1-894A-F32E-92C54426E831}.Debug|Any CPU.ActiveCfg = Debug|Any CPU
		{D784551D-B1F1-894A-F32E-92C54426E831}.Debug|Any CPU.Build.0 = Debug|Any CPU
		{D784551D-B1F1-894A-F32E-92C54426E831}.Release|Any CPU.ActiveCfg = Release|Any CPU
		{D784551D-B1F1-894A-F32E-92C54426E831}.Release|Any CPU.Build.0 = Release|Any CPU
		{62008C98-D28D-9D11-94CA-38486BE17271}.Debug|Any CPU.ActiveCfg = Debug|Any CPU
		{62008C98-D28D-9D11-94CA-38486BE17271}.Debug|Any CPU.Build.0 = Debug|Any CPU
		{62008C98-D28D-9D11-94CA-38486BE17271}.Release|Any CPU.ActiveCfg = Release|Any CPU
		{62008C98-D28D-9D11-94CA-38486BE17271}.Release|Any CPU.Build.0 = Release|Any CPU
		{344A0206-4AF0-1FA8-6BB9-8917DFEFA3D5}.Debug|Any CPU.ActiveCfg = Debug|Any CPU
		{344A0206-4AF0-1FA8-6BB9-8917DFEFA3D5}.Debug|Any CPU.Build.0 = Debug|Any CPU
		{344A0206-4AF0-1FA8-6BB9-8917DFEFA3D5}.Release|Any CPU.ActiveCfg = Release|Any CPU
		{344A0206-4AF0-1FA8-6BB9-8917DFEFA3D5}.Release|Any CPU.Build.0 = Release|Any CPU
		{4D57A020-1A6C-D7D3-C85B-5FF83B6E2954}.Debug|Any CPU.ActiveCfg = Debug|Any CPU
		{4D57A020-1A6C-D7D3-C85B-5FF83B6E2954}.Debug|Any CPU.Build.0 = Debug|Any CPU
		{4D57A020-1A6C-D7D3-C85B-5FF83B6E2954}.Release|Any CPU.ActiveCfg = Release|Any CPU
		{4D57A020-1A6C-D7D3-C85B-5FF83B6E2954}.Release|Any CPU.Build.0 = Release|Any CPU
		{92ED2B02-8E1C-96BD-2365-1C3C657D83F4}.Debug|Any CPU.ActiveCfg = Debug|Any CPU
		{92ED2B02-8E1C-96BD-2365-1C3C657D83F4}.Debug|Any CPU.Build.0 = Debug|Any CPU
		{92ED2B02-8E1C-96BD-2365-1C3C657D83F4}.Release|Any CPU.ActiveCfg = Release|Any CPU
		{92ED2B02-8E1C-96BD-2365-1C3C657D83F4}.Release|Any CPU.Build.0 = Release|Any CPU
		{0FC9E75F-DA81-D496-BE8E-2F69CB893DFF}.Debug|Any CPU.ActiveCfg = Debug|Any CPU
		{0FC9E75F-DA81-D496-BE8E-2F69CB893DFF}.Debug|Any CPU.Build.0 = Debug|Any CPU
		{0FC9E75F-DA81-D496-BE8E-2F69CB893DFF}.Release|Any CPU.ActiveCfg = Release|Any CPU
		{0FC9E75F-DA81-D496-BE8E-2F69CB893DFF}.Release|Any CPU.Build.0 = Release|Any CPU
		{DDB39D36-8353-CCC8-F09F-7437730BA63D}.Debug|Any CPU.ActiveCfg = Debug|Any CPU
		{DDB39D36-8353-CCC8-F09F-7437730BA63D}.Debug|Any CPU.Build.0 = Debug|Any CPU
		{DDB39D36-8353-CCC8-F09F-7437730BA63D}.Release|Any CPU.ActiveCfg = Release|Any CPU
		{DDB39D36-8353-CCC8-F09F-7437730BA63D}.Release|Any CPU.Build.0 = Release|Any CPU
		{B874BDC8-F1D4-18B6-6C19-BADB4E970020}.Debug|Any CPU.ActiveCfg = Debug|Any CPU
		{B874BDC8-F1D4-18B6-6C19-BADB4E970020}.Debug|Any CPU.Build.0 = Debug|Any CPU
		{B874BDC8-F1D4-18B6-6C19-BADB4E970020}.Release|Any CPU.ActiveCfg = Release|Any CPU
		{B874BDC8-F1D4-18B6-6C19-BADB4E970020}.Release|Any CPU.Build.0 = Release|Any CPU
		{17F8C296-27C7-ADD6-E9F4-A2F5D7023679}.Debug|Any CPU.ActiveCfg = Debug|Any CPU
		{17F8C296-27C7-ADD6-E9F4-A2F5D7023679}.Debug|Any CPU.Build.0 = Debug|Any CPU
		{17F8C296-27C7-ADD6-E9F4-A2F5D7023679}.Release|Any CPU.ActiveCfg = Release|Any CPU
		{17F8C296-27C7-ADD6-E9F4-A2F5D7023679}.Release|Any CPU.Build.0 = Release|Any CPU
		{7C6CCCB3-712C-1C24-2DAB-EB19ED53E9E4}.Debug|Any CPU.ActiveCfg = Debug|Any CPU
		{7C6CCCB3-712C-1C24-2DAB-EB19ED53E9E4}.Debug|Any CPU.Build.0 = Debug|Any CPU
		{7C6CCCB3-712C-1C24-2DAB-EB19ED53E9E4}.Release|Any CPU.ActiveCfg = Release|Any CPU
		{7C6CCCB3-712C-1C24-2DAB-EB19ED53E9E4}.Release|Any CPU.Build.0 = Release|Any CPU
		{D48C7E7A-3C60-E35B-5763-31EC5D9B21C0}.Debug|Any CPU.ActiveCfg = Debug|Any CPU
		{D48C7E7A-3C60-E35B-5763-31EC5D9B21C0}.Debug|Any CPU.Build.0 = Debug|Any CPU
		{D48C7E7A-3C60-E35B-5763-31EC5D9B21C0}.Release|Any CPU.ActiveCfg = Release|Any CPU
		{D48C7E7A-3C60-E35B-5763-31EC5D9B21C0}.Release|Any CPU.Build.0 = Release|Any CPU
		{340662EA-BC98-5409-4667-70F06FCA58AA}.Debug|Any CPU.ActiveCfg = Debug|Any CPU
		{340662EA-BC98-5409-4667-70F06FCA58AA}.Debug|Any CPU.Build.0 = Debug|Any CPU
		{340662EA-BC98-5409-4667-70F06FCA58AA}.Release|Any CPU.ActiveCfg = Release|Any CPU
		{340662EA-BC98-5409-4667-70F06FCA58AA}.Release|Any CPU.Build.0 = Release|Any CPU
		{E9501B1D-A3CA-98FE-C4E6-70CA4D4E974E}.Debug|Any CPU.ActiveCfg = Debug|Any CPU
		{E9501B1D-A3CA-98FE-C4E6-70CA4D4E974E}.Debug|Any CPU.Build.0 = Debug|Any CPU
		{E9501B1D-A3CA-98FE-C4E6-70CA4D4E974E}.Release|Any CPU.ActiveCfg = Release|Any CPU
		{E9501B1D-A3CA-98FE-C4E6-70CA4D4E974E}.Release|Any CPU.Build.0 = Release|Any CPU
		{8CE52016-E624-25E1-6405-44C14D5276E4}.Debug|Any CPU.ActiveCfg = Debug|Any CPU
		{8CE52016-E624-25E1-6405-44C14D5276E4}.Debug|Any CPU.Build.0 = Debug|Any CPU
		{8CE52016-E624-25E1-6405-44C14D5276E4}.Release|Any CPU.ActiveCfg = Release|Any CPU
		{8CE52016-E624-25E1-6405-44C14D5276E4}.Release|Any CPU.Build.0 = Release|Any CPU
		{D96F4F50-9A88-8B1A-BB6B-F6962F8B6B4C}.Debug|Any CPU.ActiveCfg = Debug|Any CPU
		{D96F4F50-9A88-8B1A-BB6B-F6962F8B6B4C}.Debug|Any CPU.Build.0 = Debug|Any CPU
		{D96F4F50-9A88-8B1A-BB6B-F6962F8B6B4C}.Release|Any CPU.ActiveCfg = Release|Any CPU
		{D96F4F50-9A88-8B1A-BB6B-F6962F8B6B4C}.Release|Any CPU.Build.0 = Release|Any CPU
		{B352802D-CC8F-F82B-5D2D-BDBE8FF02DDC}.Debug|Any CPU.ActiveCfg = Debug|Any CPU
		{B352802D-CC8F-F82B-5D2D-BDBE8FF02DDC}.Debug|Any CPU.Build.0 = Debug|Any CPU
		{B352802D-CC8F-F82B-5D2D-BDBE8FF02DDC}.Release|Any CPU.ActiveCfg = Release|Any CPU
		{B352802D-CC8F-F82B-5D2D-BDBE8FF02DDC}.Release|Any CPU.Build.0 = Release|Any CPU
		{7709FE16-7976-2DF4-FC28-291AF2BD0138}.Debug|Any CPU.ActiveCfg = Debug|Any CPU
		{7709FE16-7976-2DF4-FC28-291AF2BD0138}.Debug|Any CPU.Build.0 = Debug|Any CPU
		{7709FE16-7976-2DF4-FC28-291AF2BD0138}.Release|Any CPU.ActiveCfg = Release|Any CPU
		{7709FE16-7976-2DF4-FC28-291AF2BD0138}.Release|Any CPU.Build.0 = Release|Any CPU
		{D81536F6-B632-A1DB-BD3A-0F548CE4513E}.Debug|Any CPU.ActiveCfg = Debug|Any CPU
		{D81536F6-B632-A1DB-BD3A-0F548CE4513E}.Debug|Any CPU.Build.0 = Debug|Any CPU
		{D81536F6-B632-A1DB-BD3A-0F548CE4513E}.Release|Any CPU.ActiveCfg = Release|Any CPU
		{D81536F6-B632-A1DB-BD3A-0F548CE4513E}.Release|Any CPU.Build.0 = Release|Any CPU
		{2B9614B9-8607-9999-F07D-94B34FE0C9F7}.Debug|Any CPU.ActiveCfg = Debug|Any CPU
		{2B9614B9-8607-9999-F07D-94B34FE0C9F7}.Debug|Any CPU.Build.0 = Debug|Any CPU
		{2B9614B9-8607-9999-F07D-94B34FE0C9F7}.Release|Any CPU.ActiveCfg = Release|Any CPU
		{2B9614B9-8607-9999-F07D-94B34FE0C9F7}.Release|Any CPU.Build.0 = Release|Any CPU
		{2806C820-925D-1E34-D040-1C21AD06EE12}.Debug|Any CPU.ActiveCfg = Debug|Any CPU
		{2806C820-925D-1E34-D040-1C21AD06EE12}.Debug|Any CPU.Build.0 = Debug|Any CPU
		{2806C820-925D-1E34-D040-1C21AD06EE12}.Release|Any CPU.ActiveCfg = Release|Any CPU
		{2806C820-925D-1E34-D040-1C21AD06EE12}.Release|Any CPU.Build.0 = Release|Any CPU
		{C2DC4ABE-EFA4-9558-577A-71E92DD2D12A}.Debug|Any CPU.ActiveCfg = Debug|Any CPU
		{C2DC4ABE-EFA4-9558-577A-71E92DD2D12A}.Debug|Any CPU.Build.0 = Debug|Any CPU
		{C2DC4ABE-EFA4-9558-577A-71E92DD2D12A}.Release|Any CPU.ActiveCfg = Release|Any CPU
		{C2DC4ABE-EFA4-9558-577A-71E92DD2D12A}.Release|Any CPU.Build.0 = Release|Any CPU
		{D76FEC5D-50CA-7831-90A3-A33CAC44B276}.Debug|Any CPU.ActiveCfg = Debug|Any CPU
		{D76FEC5D-50CA-7831-90A3-A33CAC44B276}.Debug|Any CPU.Build.0 = Debug|Any CPU
		{D76FEC5D-50CA-7831-90A3-A33CAC44B276}.Release|Any CPU.ActiveCfg = Release|Any CPU
		{D76FEC5D-50CA-7831-90A3-A33CAC44B276}.Release|Any CPU.Build.0 = Release|Any CPU
		{F486B407-E763-C9D2-826B-689C656D3D03}.Debug|Any CPU.ActiveCfg = Debug|Any CPU
		{F486B407-E763-C9D2-826B-689C656D3D03}.Debug|Any CPU.Build.0 = Debug|Any CPU
		{F486B407-E763-C9D2-826B-689C656D3D03}.Release|Any CPU.ActiveCfg = Release|Any CPU
		{F486B407-E763-C9D2-826B-689C656D3D03}.Release|Any CPU.Build.0 = Release|Any CPU
		{C1CC148C-7E9D-2609-ABC7-9BAF53C98C7A}.Debug|Any CPU.ActiveCfg = Debug|Any CPU
		{C1CC148C-7E9D-2609-ABC7-9BAF53C98C7A}.Debug|Any CPU.Build.0 = Debug|Any CPU
		{C1CC148C-7E9D-2609-ABC7-9BAF53C98C7A}.Release|Any CPU.ActiveCfg = Release|Any CPU
		{C1CC148C-7E9D-2609-ABC7-9BAF53C98C7A}.Release|Any CPU.Build.0 = Release|Any CPU
		{9F288AB6-627E-2384-A239-A4CF4B5C5B8A}.Debug|Any CPU.ActiveCfg = Debug|Any CPU
		{9F288AB6-627E-2384-A239-A4CF4B5C5B8A}.Debug|Any CPU.Build.0 = Debug|Any CPU
		{9F288AB6-627E-2384-A239-A4CF4B5C5B8A}.Release|Any CPU.ActiveCfg = Release|Any CPU
		{9F288AB6-627E-2384-A239-A4CF4B5C5B8A}.Release|Any CPU.Build.0 = Release|Any CPU
		{5B9D68C4-99E1-541E-C17D-4FEA4AB3E5F4}.Debug|Any CPU.ActiveCfg = Debug|Any CPU
		{5B9D68C4-99E1-541E-C17D-4FEA4AB3E5F4}.Debug|Any CPU.Build.0 = Debug|Any CPU
		{5B9D68C4-99E1-541E-C17D-4FEA4AB3E5F4}.Release|Any CPU.ActiveCfg = Release|Any CPU
		{5B9D68C4-99E1-541E-C17D-4FEA4AB3E5F4}.Release|Any CPU.Build.0 = Release|Any CPU
		{D427F1C3-2593-2F08-5AB6-58B8D9519757}.Debug|Any CPU.ActiveCfg = Debug|Any CPU
		{D427F1C3-2593-2F08-5AB6-58B8D9519757}.Debug|Any CPU.Build.0 = Debug|Any CPU
		{D427F1C3-2593-2F08-5AB6-58B8D9519757}.Release|Any CPU.ActiveCfg = Release|Any CPU
		{D427F1C3-2593-2F08-5AB6-58B8D9519757}.Release|Any CPU.Build.0 = Release|Any CPU
		{D8CA400B-6B7C-DB5B-417D-BD1B05887C1F}.Debug|Any CPU.ActiveCfg = Debug|Any CPU
		{D8CA400B-6B7C-DB5B-417D-BD1B05887C1F}.Debug|Any CPU.Build.0 = Debug|Any CPU
		{D8CA400B-6B7C-DB5B-417D-BD1B05887C1F}.Release|Any CPU.ActiveCfg = Release|Any CPU
		{D8CA400B-6B7C-DB5B-417D-BD1B05887C1F}.Release|Any CPU.Build.0 = Release|Any CPU
		{1746B81B-B448-EFAA-4A16-AB127E1D9BF0}.Debug|Any CPU.ActiveCfg = Debug|Any CPU
		{1746B81B-B448-EFAA-4A16-AB127E1D9BF0}.Debug|Any CPU.Build.0 = Debug|Any CPU
		{1746B81B-B448-EFAA-4A16-AB127E1D9BF0}.Release|Any CPU.ActiveCfg = Release|Any CPU
		{1746B81B-B448-EFAA-4A16-AB127E1D9BF0}.Release|Any CPU.Build.0 = Release|Any CPU
		{C89EE05A-9C6B-2F88-B23B-9E1F00AC711B}.Debug|Any CPU.ActiveCfg = Debug|Any CPU
		{C89EE05A-9C6B-2F88-B23B-9E1F00AC711B}.Debug|Any CPU.Build.0 = Debug|Any CPU
		{C89EE05A-9C6B-2F88-B23B-9E1F00AC711B}.Release|Any CPU.ActiveCfg = Release|Any CPU
		{C89EE05A-9C6B-2F88-B23B-9E1F00AC711B}.Release|Any CPU.Build.0 = Release|Any CPU
		{DC2022F3-FA46-F595-B329-3A20E735C17C}.Debug|Any CPU.ActiveCfg = Debug|Any CPU
		{DC2022F3-FA46-F595-B329-3A20E735C17C}.Debug|Any CPU.Build.0 = Debug|Any CPU
		{DC2022F3-FA46-F595-B329-3A20E735C17C}.Release|Any CPU.ActiveCfg = Release|Any CPU
		{DC2022F3-FA46-F595-B329-3A20E735C17C}.Release|Any CPU.Build.0 = Release|Any CPU
		{AC522B47-C9D0-3880-5609-E52E221385A1}.Debug|Any CPU.ActiveCfg = Debug|Any CPU
		{AC522B47-C9D0-3880-5609-E52E221385A1}.Debug|Any CPU.Build.0 = Debug|Any CPU
		{AC522B47-C9D0-3880-5609-E52E221385A1}.Release|Any CPU.ActiveCfg = Release|Any CPU
		{AC522B47-C9D0-3880-5609-E52E221385A1}.Release|Any CPU.Build.0 = Release|Any CPU
		{59A73485-9FEC-4DE9-EF6C-D3E2BB91FE66}.Debug|Any CPU.ActiveCfg = Debug|Any CPU
		{59A73485-9FEC-4DE9-EF6C-D3E2BB91FE66}.Debug|Any CPU.Build.0 = Debug|Any CPU
		{59A73485-9FEC-4DE9-EF6C-D3E2BB91FE66}.Release|Any CPU.ActiveCfg = Release|Any CPU
		{59A73485-9FEC-4DE9-EF6C-D3E2BB91FE66}.Release|Any CPU.Build.0 = Release|Any CPU
		{FE47EA15-8291-8D7C-C950-265929D170E5}.Debug|Any CPU.ActiveCfg = Debug|Any CPU
		{FE47EA15-8291-8D7C-C950-265929D170E5}.Debug|Any CPU.Build.0 = Debug|Any CPU
		{FE47EA15-8291-8D7C-C950-265929D170E5}.Release|Any CPU.ActiveCfg = Release|Any CPU
		{FE47EA15-8291-8D7C-C950-265929D170E5}.Release|Any CPU.Build.0 = Release|Any CPU
		{2740C5A6-0A77-6E3F-FFFC-B22C89DA0F6C}.Debug|Any CPU.ActiveCfg = Debug|Any CPU
		{2740C5A6-0A77-6E3F-FFFC-B22C89DA0F6C}.Debug|Any CPU.Build.0 = Debug|Any CPU
		{2740C5A6-0A77-6E3F-FFFC-B22C89DA0F6C}.Release|Any CPU.ActiveCfg = Release|Any CPU
		{2740C5A6-0A77-6E3F-FFFC-B22C89DA0F6C}.Release|Any CPU.Build.0 = Release|Any CPU
		{EC4E4356-660E-394F-89D2-B7B3953CF51B}.Debug|Any CPU.ActiveCfg = Debug|Any CPU
		{EC4E4356-660E-394F-89D2-B7B3953CF51B}.Debug|Any CPU.Build.0 = Debug|Any CPU
		{EC4E4356-660E-394F-89D2-B7B3953CF51B}.Release|Any CPU.ActiveCfg = Release|Any CPU
		{EC4E4356-660E-394F-89D2-B7B3953CF51B}.Release|Any CPU.Build.0 = Release|Any CPU
		{4DA707A2-AE36-875E-1485-2C5EF89A9BCA}.Debug|Any CPU.ActiveCfg = Debug|Any CPU
		{4DA707A2-AE36-875E-1485-2C5EF89A9BCA}.Debug|Any CPU.Build.0 = Debug|Any CPU
		{4DA707A2-AE36-875E-1485-2C5EF89A9BCA}.Release|Any CPU.ActiveCfg = Release|Any CPU
		{4DA707A2-AE36-875E-1485-2C5EF89A9BCA}.Release|Any CPU.Build.0 = Release|Any CPU
		{9767BA54-DC3B-DEB4-8476-D5ADFE5D457A}.Debug|Any CPU.ActiveCfg = Debug|Any CPU
		{9767BA54-DC3B-DEB4-8476-D5ADFE5D457A}.Debug|Any CPU.Build.0 = Debug|Any CPU
		{9767BA54-DC3B-DEB4-8476-D5ADFE5D457A}.Release|Any CPU.ActiveCfg = Release|Any CPU
		{9767BA54-DC3B-DEB4-8476-D5ADFE5D457A}.Release|Any CPU.Build.0 = Release|Any CPU
		{D0715A2B-FC32-2072-6C69-EDC3888B45D0}.Debug|Any CPU.ActiveCfg = Debug|Any CPU
		{D0715A2B-FC32-2072-6C69-EDC3888B45D0}.Debug|Any CPU.Build.0 = Debug|Any CPU
		{D0715A2B-FC32-2072-6C69-EDC3888B45D0}.Release|Any CPU.ActiveCfg = Release|Any CPU
		{D0715A2B-FC32-2072-6C69-EDC3888B45D0}.Release|Any CPU.Build.0 = Release|Any CPU
		{69F7A308-B261-BDAD-42FE-53B7AA1FCA73}.Debug|Any CPU.ActiveCfg = Debug|Any CPU
		{69F7A308-B261-BDAD-42FE-53B7AA1FCA73}.Debug|Any CPU.Build.0 = Debug|Any CPU
		{69F7A308-B261-BDAD-42FE-53B7AA1FCA73}.Release|Any CPU.ActiveCfg = Release|Any CPU
		{69F7A308-B261-BDAD-42FE-53B7AA1FCA73}.Release|Any CPU.Build.0 = Release|Any CPU
		{5D451B57-8F7B-F770-D08B-E8336A3F660A}.Debug|Any CPU.ActiveCfg = Debug|Any CPU
		{5D451B57-8F7B-F770-D08B-E8336A3F660A}.Debug|Any CPU.Build.0 = Debug|Any CPU
		{5D451B57-8F7B-F770-D08B-E8336A3F660A}.Release|Any CPU.ActiveCfg = Release|Any CPU
		{5D451B57-8F7B-F770-D08B-E8336A3F660A}.Release|Any CPU.Build.0 = Release|Any CPU
		{6EFF46CE-DFDC-E1D3-C265-E9F27CFC9452}.Debug|Any CPU.ActiveCfg = Debug|Any CPU
		{6EFF46CE-DFDC-E1D3-C265-E9F27CFC9452}.Debug|Any CPU.Build.0 = Debug|Any CPU
		{6EFF46CE-DFDC-E1D3-C265-E9F27CFC9452}.Release|Any CPU.ActiveCfg = Release|Any CPU
		{6EFF46CE-DFDC-E1D3-C265-E9F27CFC9452}.Release|Any CPU.Build.0 = Release|Any CPU
		{057F72AA-896D-F929-03AB-1F7C05BC4884}.Debug|Any CPU.ActiveCfg = Debug|Any CPU
		{057F72AA-896D-F929-03AB-1F7C05BC4884}.Debug|Any CPU.Build.0 = Debug|Any CPU
		{057F72AA-896D-F929-03AB-1F7C05BC4884}.Release|Any CPU.ActiveCfg = Release|Any CPU
		{057F72AA-896D-F929-03AB-1F7C05BC4884}.Release|Any CPU.Build.0 = Release|Any CPU
		{B410C3EE-58CF-06DA-1F86-B30AE41271A0}.Debug|Any CPU.ActiveCfg = Debug|Any CPU
		{B410C3EE-58CF-06DA-1F86-B30AE41271A0}.Debug|Any CPU.Build.0 = Debug|Any CPU
		{B410C3EE-58CF-06DA-1F86-B30AE41271A0}.Release|Any CPU.ActiveCfg = Release|Any CPU
		{B410C3EE-58CF-06DA-1F86-B30AE41271A0}.Release|Any CPU.Build.0 = Release|Any CPU
		{93651607-C79F-8F30-837E-C6FB7DB808DB}.Debug|Any CPU.ActiveCfg = Debug|Any CPU
		{93651607-C79F-8F30-837E-C6FB7DB808DB}.Debug|Any CPU.Build.0 = Debug|Any CPU
		{93651607-C79F-8F30-837E-C6FB7DB808DB}.Release|Any CPU.ActiveCfg = Release|Any CPU
		{93651607-C79F-8F30-837E-C6FB7DB808DB}.Release|Any CPU.Build.0 = Release|Any CPU
		{41F34338-5AA7-C507-5122-F730EBAC9113}.Debug|Any CPU.ActiveCfg = Debug|Any CPU
		{41F34338-5AA7-C507-5122-F730EBAC9113}.Debug|Any CPU.Build.0 = Debug|Any CPU
		{41F34338-5AA7-C507-5122-F730EBAC9113}.Release|Any CPU.ActiveCfg = Release|Any CPU
		{41F34338-5AA7-C507-5122-F730EBAC9113}.Release|Any CPU.Build.0 = Release|Any CPU
		{A06C57C5-1477-862D-C601-D563BDC89137}.Debug|Any CPU.ActiveCfg = Debug|Any CPU
		{A06C57C5-1477-862D-C601-D563BDC89137}.Debug|Any CPU.Build.0 = Debug|Any CPU
		{A06C57C5-1477-862D-C601-D563BDC89137}.Release|Any CPU.ActiveCfg = Release|Any CPU
		{A06C57C5-1477-862D-C601-D563BDC89137}.Release|Any CPU.Build.0 = Release|Any CPU
		{2B2EA37A-2161-8510-3496-10340655D65F}.Debug|Any CPU.ActiveCfg = Debug|Any CPU
		{2B2EA37A-2161-8510-3496-10340655D65F}.Debug|Any CPU.Build.0 = Debug|Any CPU
		{2B2EA37A-2161-8510-3496-10340655D65F}.Release|Any CPU.ActiveCfg = Release|Any CPU
		{2B2EA37A-2161-8510-3496-10340655D65F}.Release|Any CPU.Build.0 = Release|Any CPU
		{461B5936-C665-CAA1-8A9E-68B0BC8A9162}.Debug|Any CPU.ActiveCfg = Debug|Any CPU
		{461B5936-C665-CAA1-8A9E-68B0BC8A9162}.Debug|Any CPU.Build.0 = Debug|Any CPU
		{461B5936-C665-CAA1-8A9E-68B0BC8A9162}.Release|Any CPU.ActiveCfg = Release|Any CPU
		{461B5936-C665-CAA1-8A9E-68B0BC8A9162}.Release|Any CPU.Build.0 = Release|Any CPU
		{6C6F4935-642B-E44E-73B5-C1158E98519F}.Debug|Any CPU.ActiveCfg = Debug|Any CPU
		{6C6F4935-642B-E44E-73B5-C1158E98519F}.Debug|Any CPU.Build.0 = Debug|Any CPU
		{6C6F4935-642B-E44E-73B5-C1158E98519F}.Release|Any CPU.ActiveCfg = Release|Any CPU
		{6C6F4935-642B-E44E-73B5-C1158E98519F}.Release|Any CPU.Build.0 = Release|Any CPU
		{9A8128AA-4331-D5A5-C65D-6EB8521BC29B}.Debug|Any CPU.ActiveCfg = Debug|Any CPU
		{9A8128AA-4331-D5A5-C65D-6EB8521BC29B}.Debug|Any CPU.Build.0 = Debug|Any CPU
		{9A8128AA-4331-D5A5-C65D-6EB8521BC29B}.Release|Any CPU.ActiveCfg = Release|Any CPU
		{9A8128AA-4331-D5A5-C65D-6EB8521BC29B}.Release|Any CPU.Build.0 = Release|Any CPU
		{2B39062C-44A8-CF2F-1633-9FA386260DEA}.Debug|Any CPU.ActiveCfg = Debug|Any CPU
		{2B39062C-44A8-CF2F-1633-9FA386260DEA}.Debug|Any CPU.Build.0 = Debug|Any CPU
		{2B39062C-44A8-CF2F-1633-9FA386260DEA}.Release|Any CPU.ActiveCfg = Release|Any CPU
		{2B39062C-44A8-CF2F-1633-9FA386260DEA}.Release|Any CPU.Build.0 = Release|Any CPU
		{3D3E6739-B3C1-47B0-117F-BEDAD7963293}.Debug|Any CPU.ActiveCfg = Debug|Any CPU
		{3D3E6739-B3C1-47B0-117F-BEDAD7963293}.Debug|Any CPU.Build.0 = Debug|Any CPU
		{3D3E6739-B3C1-47B0-117F-BEDAD7963293}.Release|Any CPU.ActiveCfg = Release|Any CPU
		{3D3E6739-B3C1-47B0-117F-BEDAD7963293}.Release|Any CPU.Build.0 = Release|Any CPU
		{7AE8D7BB-3F2C-794C-9AD4-C1978B6418C3}.Debug|Any CPU.ActiveCfg = Debug|Any CPU
		{7AE8D7BB-3F2C-794C-9AD4-C1978B6418C3}.Debug|Any CPU.Build.0 = Debug|Any CPU
		{7AE8D7BB-3F2C-794C-9AD4-C1978B6418C3}.Release|Any CPU.ActiveCfg = Release|Any CPU
		{7AE8D7BB-3F2C-794C-9AD4-C1978B6418C3}.Release|Any CPU.Build.0 = Release|Any CPU
		{F3EDA1BB-3AB4-7303-4DED-7E10E4F75FC6}.Debug|Any CPU.ActiveCfg = Debug|Any CPU
		{F3EDA1BB-3AB4-7303-4DED-7E10E4F75FC6}.Debug|Any CPU.Build.0 = Debug|Any CPU
		{F3EDA1BB-3AB4-7303-4DED-7E10E4F75FC6}.Release|Any CPU.ActiveCfg = Release|Any CPU
		{F3EDA1BB-3AB4-7303-4DED-7E10E4F75FC6}.Release|Any CPU.Build.0 = Release|Any CPU
	EndGlobalSection
	GlobalSection(SolutionProperties) = preSolution
		HideSolutionNode = FALSE
	EndGlobalSection
	GlobalSection(NestedProjects) = preSolution
		{E47B24BF-F33B-F2E2-149F-867537042077} = {17245595-230B-9055-A944-863F0DDDA8E8}
		{10886020-3966-F7CD-2605-FD72BD5ABEA4} = {17245595-230B-9055-A944-863F0DDDA8E8}
		{3721D9A9-85DF-65F3-87F4-E187130DA27B} = {17245595-230B-9055-A944-863F0DDDA8E8}
		{57B231E7-E308-B1F8-BCB7-83D25BAE6858} = {17245595-230B-9055-A944-863F0DDDA8E8}
		{ACB685A5-C9A1-AF2D-0BC4-AB1DEBD33B35} = {17245595-230B-9055-A944-863F0DDDA8E8}
		{E11B46B1-E44C-C315-6386-44DB05A790B3} = {17245595-230B-9055-A944-863F0DDDA8E8}
		{0C8E7BBE-6154-2885-6C66-7FCCF59439A0} = {17245595-230B-9055-A944-863F0DDDA8E8}
		{D784551D-B1F1-894A-F32E-92C54426E831} = {17245595-230B-9055-A944-863F0DDDA8E8}
		{62008C98-D28D-9D11-94CA-38486BE17271} = {17245595-230B-9055-A944-863F0DDDA8E8}
		{344A0206-4AF0-1FA8-6BB9-8917DFEFA3D5} = {17245595-230B-9055-A944-863F0DDDA8E8}
		{4D57A020-1A6C-D7D3-C85B-5FF83B6E2954} = {17245595-230B-9055-A944-863F0DDDA8E8}
		{92ED2B02-8E1C-96BD-2365-1C3C657D83F4} = {17245595-230B-9055-A944-863F0DDDA8E8}
		{0FC9E75F-DA81-D496-BE8E-2F69CB893DFF} = {17245595-230B-9055-A944-863F0DDDA8E8}
		{DDB39D36-8353-CCC8-F09F-7437730BA63D} = {17245595-230B-9055-A944-863F0DDDA8E8}
		{B874BDC8-F1D4-18B6-6C19-BADB4E970020} = {17245595-230B-9055-A944-863F0DDDA8E8}
		{17F8C296-27C7-ADD6-E9F4-A2F5D7023679} = {17245595-230B-9055-A944-863F0DDDA8E8}
		{7C6CCCB3-712C-1C24-2DAB-EB19ED53E9E4} = {17245595-230B-9055-A944-863F0DDDA8E8}
		{D48C7E7A-3C60-E35B-5763-31EC5D9B21C0} = {17245595-230B-9055-A944-863F0DDDA8E8}
		{340662EA-BC98-5409-4667-70F06FCA58AA} = {17245595-230B-9055-A944-863F0DDDA8E8}
		{E9501B1D-A3CA-98FE-C4E6-70CA4D4E974E} = {17245595-230B-9055-A944-863F0DDDA8E8}
		{8CE52016-E624-25E1-6405-44C14D5276E4} = {17245595-230B-9055-A944-863F0DDDA8E8}
		{D96F4F50-9A88-8B1A-BB6B-F6962F8B6B4C} = {17245595-230B-9055-A944-863F0DDDA8E8}
		{B352802D-CC8F-F82B-5D2D-BDBE8FF02DDC} = {17245595-230B-9055-A944-863F0DDDA8E8}
		{7709FE16-7976-2DF4-FC28-291AF2BD0138} = {17245595-230B-9055-A944-863F0DDDA8E8}
		{D81536F6-B632-A1DB-BD3A-0F548CE4513E} = {17245595-230B-9055-A944-863F0DDDA8E8}
		{2B9614B9-8607-9999-F07D-94B34FE0C9F7} = {17245595-230B-9055-A944-863F0DDDA8E8}
		{2806C820-925D-1E34-D040-1C21AD06EE12} = {17245595-230B-9055-A944-863F0DDDA8E8}
		{C2DC4ABE-EFA4-9558-577A-71E92DD2D12A} = {17245595-230B-9055-A944-863F0DDDA8E8}
		{D76FEC5D-50CA-7831-90A3-A33CAC44B276} = {17245595-230B-9055-A944-863F0DDDA8E8}
		{F486B407-E763-C9D2-826B-689C656D3D03} = {17245595-230B-9055-A944-863F0DDDA8E8}
		{C1CC148C-7E9D-2609-ABC7-9BAF53C98C7A} = {17245595-230B-9055-A944-863F0DDDA8E8}
		{9F288AB6-627E-2384-A239-A4CF4B5C5B8A} = {17245595-230B-9055-A944-863F0DDDA8E8}
		{5B9D68C4-99E1-541E-C17D-4FEA4AB3E5F4} = {17245595-230B-9055-A944-863F0DDDA8E8}
		{D427F1C3-2593-2F08-5AB6-58B8D9519757} = {17245595-230B-9055-A944-863F0DDDA8E8}
		{D8CA400B-6B7C-DB5B-417D-BD1B05887C1F} = {17245595-230B-9055-A944-863F0DDDA8E8}
		{1746B81B-B448-EFAA-4A16-AB127E1D9BF0} = {17245595-230B-9055-A944-863F0DDDA8E8}
		{C89EE05A-9C6B-2F88-B23B-9E1F00AC711B} = {17245595-230B-9055-A944-863F0DDDA8E8}
		{DC2022F3-FA46-F595-B329-3A20E735C17C} = {17245595-230B-9055-A944-863F0DDDA8E8}
		{AC522B47-C9D0-3880-5609-E52E221385A1} = {17245595-230B-9055-A944-863F0DDDA8E8}
		{59A73485-9FEC-4DE9-EF6C-D3E2BB91FE66} = {17245595-230B-9055-A944-863F0DDDA8E8}
		{FE47EA15-8291-8D7C-C950-265929D170E5} = {17245595-230B-9055-A944-863F0DDDA8E8}
		{2740C5A6-0A77-6E3F-FFFC-B22C89DA0F6C} = {17245595-230B-9055-A944-863F0DDDA8E8}
		{EC4E4356-660E-394F-89D2-B7B3953CF51B} = {17245595-230B-9055-A944-863F0DDDA8E8}
		{4DA707A2-AE36-875E-1485-2C5EF89A9BCA} = {17245595-230B-9055-A944-863F0DDDA8E8}
		{9767BA54-DC3B-DEB4-8476-D5ADFE5D457A} = {17245595-230B-9055-A944-863F0DDDA8E8}
		{D0715A2B-FC32-2072-6C69-EDC3888B45D0} = {17245595-230B-9055-A944-863F0DDDA8E8}
		{69F7A308-B261-BDAD-42FE-53B7AA1FCA73} = {17245595-230B-9055-A944-863F0DDDA8E8}
		{5D451B57-8F7B-F770-D08B-E8336A3F660A} = {17245595-230B-9055-A944-863F0DDDA8E8}
		{6EFF46CE-DFDC-E1D3-C265-E9F27CFC9452} = {17245595-230B-9055-A944-863F0DDDA8E8}
		{057F72AA-896D-F929-03AB-1F7C05BC4884} = {17245595-230B-9055-A944-863F0DDDA8E8}
		{B410C3EE-58CF-06DA-1F86-B30AE41271A0} = {17245595-230B-9055-A944-863F0DDDA8E8}
		{93651607-C79F-8F30-837E-C6FB7DB808DB} = {17245595-230B-9055-A944-863F0DDDA8E8}
		{41F34338-5AA7-C507-5122-F730EBAC9113} = {17245595-230B-9055-A944-863F0DDDA8E8}
		{A06C57C5-1477-862D-C601-D563BDC89137} = {17245595-230B-9055-A944-863F0DDDA8E8}
		{2B2EA37A-2161-8510-3496-10340655D65F} = {17245595-230B-9055-A944-863F0DDDA8E8}
		{461B5936-C665-CAA1-8A9E-68B0BC8A9162} = {17245595-230B-9055-A944-863F0DDDA8E8}
		{6C6F4935-642B-E44E-73B5-C1158E98519F} = {17245595-230B-9055-A944-863F0DDDA8E8}
		{9A8128AA-4331-D5A5-C65D-6EB8521BC29B} = {17245595-230B-9055-A944-863F0DDDA8E8}
		{2B39062C-44A8-CF2F-1633-9FA386260DEA} = {17245595-230B-9055-A944-863F0DDDA8E8}
		{3D3E6739-B3C1-47B0-117F-BEDAD7963293} = {17245595-230B-9055-A944-863F0DDDA8E8}
		{7AE8D7BB-3F2C-794C-9AD4-C1978B6418C3} = {17245595-230B-9055-A944-863F0DDDA8E8}
		{F3EDA1BB-3AB4-7303-4DED-7E10E4F75FC6} = {17245595-230B-9055-A944-863F0DDDA8E8}
	EndGlobalSection
	GlobalSection(ExtensibilityGlobals) = postSolution
		SolutionGuid = {9DE9C128-5D07-4E36-A028-61A9983E6FD6}
	EndGlobalSection
EndGlobal
